
Microsoft Visual Studio Solution File, Format Version 12.00
# Visual Studio Version 16
VisualStudioVersion = 16.0.30309.148
MinimumVisualStudioVersion = 10.0.40219.1
Project("{FAE04EC0-301F-11D3-BF4B-00C04F79EFBC}") = "Clenc2", "Clenc\Clenc2.csproj", "{1B2063FE-5139-408D-95F1-6C50BC765979}"
EndProject
Global
	GlobalSection(SolutionConfigurationPlatforms) = preSolution
		Debug|Any CPU = Debug|Any CPU
		Debug|x64 = Debug|x64
		Release|Any CPU = Release|Any CPU
		Release|x64 = Release|x64
		ReleaseA|Any CPU = ReleaseA|Any CPU
		ReleaseA|x64 = ReleaseA|x64
	EndGlobalSection
	GlobalSection(ProjectConfigurationPlatforms) = postSolution
		{1B2063FE-5139-408D-95F1-6C50BC765979}.Debug|Any CPU.ActiveCfg = Debug|Any CPU
		{1B2063FE-5139-408D-95F1-6C50BC765979}.Debug|Any CPU.Build.0 = Debug|Any CPU
		{1B2063FE-5139-408D-95F1-6C50BC765979}.Debug|x64.ActiveCfg = Debug|x64
		{1B2063FE-5139-408D-95F1-6C50BC765979}.Debug|x64.Build.0 = Debug|x64
		{1B2063FE-5139-408D-95F1-6C50BC765979}.Release|Any CPU.ActiveCfg = Release|Any CPU
		{1B2063FE-5139-408D-95F1-6C50BC765979}.Release|Any CPU.Build.0 = Release|Any CPU
		{1B2063FE-5139-408D-95F1-6C50BC765979}.Release|x64.ActiveCfg = Release|x64
		{1B2063FE-5139-408D-95F1-6C50BC765979}.Release|x64.Build.0 = Release|x64
		{1B2063FE-5139-408D-95F1-6C50BC765979}.ReleaseA|Any CPU.ActiveCfg = ReleaseA|Any CPU
		{1B2063FE-5139-408D-95F1-6C50BC765979}.ReleaseA|Any CPU.Build.0 = ReleaseA|Any CPU
		{1B2063FE-5139-408D-95F1-6C50BC765979}.ReleaseA|x64.ActiveCfg = ReleaseA|x64
		{1B2063FE-5139-408D-95F1-6C50BC765979}.ReleaseA|x64.Build.0 = ReleaseA|x64
	EndGlobalSection
	GlobalSection(SolutionProperties) = preSolution
		HideSolutionNode = FALSE
	EndGlobalSection
	GlobalSection(ExtensibilityGlobals) = postSolution
		SolutionGuid = {0328BD35-64CE-4254-AD84-83DA2FE110A3}
	EndGlobalSection
EndGlobal
